
Microsoft Visual Studio Solution File, Format Version 12.00
# Visual Studio Version 16
VisualStudioVersion = 16.0.29009.5
MinimumVisualStudioVersion = 10.0.40219.1
Project("{9A19103F-16F7-4668-BE54-9A1E7A4F7556}") = "DSoft.Portable.WebClient.Encryption", "DSoft.Portable.WebClient.Encryption\DSoft.Portable.WebClient.Encryption.csproj", "{D9568668-52C6-41CE-907C-7A3857981288}"
EndProject
Project("{9A19103F-16F7-4668-BE54-9A1E7A4F7556}") = "DSoft.Portable.WebClient.Core", "DSoft.Portable.WebClient.Core\DSoft.Portable.WebClient.Core.csproj", "{01D448D4-E0D5-4744-9DD0-4F287E36B967}"
EndProject
Project("{9A19103F-16F7-4668-BE54-9A1E7A4F7556}") = "DSoft.Portable.EntityFrameworkCore.Security", "DSoft.EntityFrameworkCore.Session\DSoft.Portable.EntityFrameworkCore.Security.csproj", "{480304DA-678A-4800-826C-FAE051AF24D5}"
EndProject
Project("{9A19103F-16F7-4668-BE54-9A1E7A4F7556}") = "DSoft.Portable.Server.Security.Core", "DSoft.Portable.Security.Session\DSoft.Portable.Server.Security.Core.csproj", "{D25B4F31-0C72-40BF-B426-EF2F49D0AA02}"
EndProject
Project("{9A19103F-16F7-4668-BE54-9A1E7A4F7556}") = "SampleWebApp", "SampleWebApp\SampleWebApp.csproj", "{CE562255-458B-48AC-82FF-1F06BC0F26EB}"
EndProject
Project("{FAE04EC0-301F-11D3-BF4B-00C04F79EFBC}") = "DSoft.Portable.WebClient.Rest", "DSoft.Portable.WebClient.Rest\DSoft.Portable.WebClient.Rest.csproj", "{E66A83CD-53F7-4535-A283-0B2B92D28C6A}"
EndProject
Project("{FAE04EC0-301F-11D3-BF4B-00C04F79EFBC}") = "DSoft.Portable.WebClient.Grpc", "DSoft.Portable.WebClient.Grpc\DSoft.Portable.WebClient.Grpc.csproj", "{2AD72637-490D-4FE8-8E2E-32BAA0D25906}"
EndProject
Project("{2150E333-8FDC-42A3-9474-1A3956D46DE8}") = "EntityFramework", "EntityFramework", "{693FBD0E-4A86-4337-A96C-D929837F0884}"
EndProject
Project("{2150E333-8FDC-42A3-9474-1A3956D46DE8}") = "Rest", "Rest", "{4035DFAD-8D04-48EC-AEEB-9F0344CBCC87}"
EndProject
Project("{2150E333-8FDC-42A3-9474-1A3956D46DE8}") = "Grpc", "Grpc", "{8A853961-CB8F-4FDB-92E1-21D3B23D3648}"
EndProject
Project("{FAE04EC0-301F-11D3-BF4B-00C04F79EFBC}") = "DSoft.Portable.WebClient.Rest.Extensions", "DSoft.Portable.WebClient.Rest.Extensions\DSoft.Portable.WebClient.Rest.Extensions.csproj", "{0A21B4BE-81C4-4C13-A868-B5B5804566BC}"
EndProject
Project("{FAE04EC0-301F-11D3-BF4B-00C04F79EFBC}") = "DSoft.Portable.WebClient.Rest.Encryption", "DSoft.Portable.WebClient.Rest.Encryption\DSoft.Portable.WebClient.Rest.Encryption.csproj", "{94634FEB-7FD0-4A69-B05B-DB92ED06563F}"
EndProject
Project("{FAE04EC0-301F-11D3-BF4B-00C04F79EFBC}") = "DSoft.Portable.WebClient.Grpc.Encryption", "DSoft.Portable.WebClient.Grpc.Encryption\DSoft.Portable.WebClient.Grpc.Encryption.csproj", "{3A3BC0AF-988A-4D9C-8BED-9C00F890CA68}"
EndProject
Project("{FAE04EC0-301F-11D3-BF4B-00C04F79EFBC}") = "DSoft.Portable.WebClient.Grpc.Encryption.Tools", "DSoft.Portable.WebClient.Grpc.Encryption.Tools\DSoft.Portable.WebClient.Grpc.Encryption.Tools.csproj", "{95C169F2-2C8A-4BFA-8B55-799D750294BC}"
EndProject
Global
	GlobalSection(SolutionConfigurationPlatforms) = preSolution
		Debug|Any CPU = Debug|Any CPU
		Release|Any CPU = Release|Any CPU
	EndGlobalSection
	GlobalSection(ProjectConfigurationPlatforms) = postSolution
		{D9568668-52C6-41CE-907C-7A3857981288}.Debug|Any CPU.ActiveCfg = Debug|Any CPU
		{D9568668-52C6-41CE-907C-7A3857981288}.Debug|Any CPU.Build.0 = Debug|Any CPU
		{D9568668-52C6-41CE-907C-7A3857981288}.Release|Any CPU.ActiveCfg = Release|Any CPU
		{D9568668-52C6-41CE-907C-7A3857981288}.Release|Any CPU.Build.0 = Release|Any CPU
		{01D448D4-E0D5-4744-9DD0-4F287E36B967}.Debug|Any CPU.ActiveCfg = Debug|Any CPU
		{01D448D4-E0D5-4744-9DD0-4F287E36B967}.Debug|Any CPU.Build.0 = Debug|Any CPU
		{01D448D4-E0D5-4744-9DD0-4F287E36B967}.Release|Any CPU.ActiveCfg = Release|Any CPU
		{01D448D4-E0D5-4744-9DD0-4F287E36B967}.Release|Any CPU.Build.0 = Release|Any CPU
		{480304DA-678A-4800-826C-FAE051AF24D5}.Debug|Any CPU.ActiveCfg = Debug|Any CPU
		{480304DA-678A-4800-826C-FAE051AF24D5}.Debug|Any CPU.Build.0 = Debug|Any CPU
		{480304DA-678A-4800-826C-FAE051AF24D5}.Release|Any CPU.ActiveCfg = Release|Any CPU
		{480304DA-678A-4800-826C-FAE051AF24D5}.Release|Any CPU.Build.0 = Release|Any CPU
		{D25B4F31-0C72-40BF-B426-EF2F49D0AA02}.Debug|Any CPU.ActiveCfg = Debug|Any CPU
		{D25B4F31-0C72-40BF-B426-EF2F49D0AA02}.Debug|Any CPU.Build.0 = Debug|Any CPU
		{D25B4F31-0C72-40BF-B426-EF2F49D0AA02}.Release|Any CPU.ActiveCfg = Release|Any CPU
		{D25B4F31-0C72-40BF-B426-EF2F49D0AA02}.Release|Any CPU.Build.0 = Release|Any CPU
		{CE562255-458B-48AC-82FF-1F06BC0F26EB}.Debug|Any CPU.ActiveCfg = Debug|Any CPU
		{CE562255-458B-48AC-82FF-1F06BC0F26EB}.Debug|Any CPU.Build.0 = Debug|Any CPU
		{CE562255-458B-48AC-82FF-1F06BC0F26EB}.Release|Any CPU.ActiveCfg = Release|Any CPU
		{CE562255-458B-48AC-82FF-1F06BC0F26EB}.Release|Any CPU.Build.0 = Release|Any CPU
		{E66A83CD-53F7-4535-A283-0B2B92D28C6A}.Debug|Any CPU.ActiveCfg = Debug|Any CPU
		{E66A83CD-53F7-4535-A283-0B2B92D28C6A}.Debug|Any CPU.Build.0 = Debug|Any CPU
		{E66A83CD-53F7-4535-A283-0B2B92D28C6A}.Release|Any CPU.ActiveCfg = Release|Any CPU
		{E66A83CD-53F7-4535-A283-0B2B92D28C6A}.Release|Any CPU.Build.0 = Release|Any CPU
		{2AD72637-490D-4FE8-8E2E-32BAA0D25906}.Debug|Any CPU.ActiveCfg = Debug|Any CPU
		{2AD72637-490D-4FE8-8E2E-32BAA0D25906}.Debug|Any CPU.Build.0 = Debug|Any CPU
		{2AD72637-490D-4FE8-8E2E-32BAA0D25906}.Release|Any CPU.ActiveCfg = Release|Any CPU
		{2AD72637-490D-4FE8-8E2E-32BAA0D25906}.Release|Any CPU.Build.0 = Release|Any CPU
		{0A21B4BE-81C4-4C13-A868-B5B5804566BC}.Debug|Any CPU.ActiveCfg = Debug|Any CPU
		{0A21B4BE-81C4-4C13-A868-B5B5804566BC}.Debug|Any CPU.Build.0 = Debug|Any CPU
		{0A21B4BE-81C4-4C13-A868-B5B5804566BC}.Release|Any CPU.ActiveCfg = Release|Any CPU
		{0A21B4BE-81C4-4C13-A868-B5B5804566BC}.Release|Any CPU.Build.0 = Release|Any CPU
		{94634FEB-7FD0-4A69-B05B-DB92ED06563F}.Debug|Any CPU.ActiveCfg = Debug|Any CPU
		{94634FEB-7FD0-4A69-B05B-DB92ED06563F}.Debug|Any CPU.Build.0 = Debug|Any CPU
		{94634FEB-7FD0-4A69-B05B-DB92ED06563F}.Release|Any CPU.ActiveCfg = Release|Any CPU
		{94634FEB-7FD0-4A69-B05B-DB92ED06563F}.Release|Any CPU.Build.0 = Release|Any CPU
		{3A3BC0AF-988A-4D9C-8BED-9C00F890CA68}.Debug|Any CPU.ActiveCfg = Debug|Any CPU
		{3A3BC0AF-988A-4D9C-8BED-9C00F890CA68}.Debug|Any CPU.Build.0 = Debug|Any CPU
		{3A3BC0AF-988A-4D9C-8BED-9C00F890CA68}.Release|Any CPU.ActiveCfg = Release|Any CPU
		{3A3BC0AF-988A-4D9C-8BED-9C00F890CA68}.Release|Any CPU.Build.0 = Release|Any CPU
		{95C169F2-2C8A-4BFA-8B55-799D750294BC}.Debug|Any CPU.ActiveCfg = Debug|Any CPU
		{95C169F2-2C8A-4BFA-8B55-799D750294BC}.Debug|Any CPU.Build.0 = Debug|Any CPU
		{95C169F2-2C8A-4BFA-8B55-799D750294BC}.Release|Any CPU.ActiveCfg = Release|Any CPU
		{95C169F2-2C8A-4BFA-8B55-799D750294BC}.Release|Any CPU.Build.0 = Release|Any CPU
	EndGlobalSection
	GlobalSection(SolutionProperties) = preSolution
		HideSolutionNode = FALSE
	EndGlobalSection
	GlobalSection(NestedProjects) = preSolution
		{480304DA-678A-4800-826C-FAE051AF24D5} = {693FBD0E-4A86-4337-A96C-D929837F0884}
		{D25B4F31-0C72-40BF-B426-EF2F49D0AA02} = {693FBD0E-4A86-4337-A96C-D929837F0884}
		{E66A83CD-53F7-4535-A283-0B2B92D28C6A} = {4035DFAD-8D04-48EC-AEEB-9F0344CBCC87}
		{2AD72637-490D-4FE8-8E2E-32BAA0D25906} = {8A853961-CB8F-4FDB-92E1-21D3B23D3648}
		{0A21B4BE-81C4-4C13-A868-B5B5804566BC} = {4035DFAD-8D04-48EC-AEEB-9F0344CBCC87}
		{94634FEB-7FD0-4A69-B05B-DB92ED06563F} = {4035DFAD-8D04-48EC-AEEB-9F0344CBCC87}
		{3A3BC0AF-988A-4D9C-8BED-9C00F890CA68} = {8A853961-CB8F-4FDB-92E1-21D3B23D3648}
		{95C169F2-2C8A-4BFA-8B55-799D750294BC} = {8A853961-CB8F-4FDB-92E1-21D3B23D3648}
	EndGlobalSection
	GlobalSection(ExtensibilityGlobals) = postSolution
		SolutionGuid = {33017CF5-0FA4-4988-BEAB-383E9E5E4698}
	EndGlobalSection
EndGlobal
